<?xml version="1.0" encoding="utf-8"?>
<Project ToolsVersion="4.0" xmlns="http://schemas.microsoft.com/developer/msbuild/2003">
  <ItemGroup>
    <Filter Include="Bacon">
      <UniqueIdentifier>{0836E00C-744A-08BE-3DCC-AB1DA99F04EF}</UniqueIdentifier>
    </Filter>
    <Filter Include="Bacon\Events">
      <UniqueIdentifier>{ECC84BE1-D82B-DB85-81B1-133C6DF3A608}</UniqueIdentifier>
    </Filter>
    <Filter Include="Bacon\ImGui">
      <UniqueIdentifier>{32118BD8-9EC6-03CE-27BB-FDA4936FFAD1}</UniqueIdentifier>
    </Filter>
    <Filter Include="Platform">
      <UniqueIdentifier>{2AC788B4-1694-E3BF-3FAD-D1672BD9184E}</UniqueIdentifier>
    </Filter>
    <Filter Include="Platform\OpenGL">
      <UniqueIdentifier>{1E7D2C1D-8A08-9AE1-9319-1DD6FF23F6E1}</UniqueIdentifier>
    </Filter>
    <Filter Include="Platform\Windows">
      <UniqueIdentifier>{64FBD71A-50F4-F66C-7926-DCF1657ED678}</UniqueIdentifier>
    </Filter>
  </ItemGroup>
  <ItemGroup>
    <ClInclude Include="src\Bacon.h" />
    <ClInclude Include="src\Bacon\Application.h">
      <Filter>Bacon</Filter>
    </ClInclude>
    <ClInclude Include="src\Bacon\Core.h">
      <Filter>Bacon</Filter>
    </ClInclude>
    <ClInclude Include="src\Bacon\EntryPoint.h">
      <Filter>Bacon</Filter>
    </ClInclude>
    <ClInclude Include="src\Bacon\Events\ApplicationEvent.h">
      <Filter>Bacon\Events</Filter>
    </ClInclude>
    <ClInclude Include="src\Bacon\Events\Event.h">
      <Filter>Bacon\Events</Filter>
    </ClInclude>
    <ClInclude Include="src\Bacon\Events\KeyEvent.h">
      <Filter>Bacon\Events</Filter>
    </ClInclude>
    <ClInclude Include="src\Bacon\Events\MouseEvent.h">
      <Filter>Bacon\Events</Filter>
    </ClInclude>
    <ClInclude Include="src\Bacon\ImGui\ImGuiLayer.h">
      <Filter>Bacon\ImGui</Filter>
    </ClInclude>
    <ClInclude Include="src\Bacon\Input.h">
      <Filter>Bacon</Filter>
    </ClInclude>
    <ClInclude Include="src\Bacon\Layer.h">
      <Filter>Bacon</Filter>
    </ClInclude>
    <ClInclude Include="src\Bacon\LayerStack.h">
      <Filter>Bacon</Filter>
    </ClInclude>
    <ClInclude Include="src\Bacon\Log.h">
      <Filter>Bacon</Filter>
    </ClInclude>
    <ClInclude Include="src\Bacon\Window.h">
      <Filter>Bacon</Filter>
    </ClInclude>
    <ClInclude Include="src\Platform\OpenGL\imgui_impl_opengl3.h">
      <Filter>Platform\OpenGL</Filter>
    </ClInclude>
    <ClInclude Include="src\Platform\Windows\WindowsInput.h">
      <Filter>Platform\Windows</Filter>
    </ClInclude>
    <ClInclude Include="src\Platform\Windows\WindowsWindow.h">
      <Filter>Platform\Windows</Filter>
    </ClInclude>
    <ClInclude Include="src\bnpch.h" />
  </ItemGroup>
  <ItemGroup>
    <ClCompile Include="src\Bacon\Application.cpp">
      <Filter>Bacon</Filter>
    </ClCompile>
    <ClCompile Include="src\Bacon\ImGui\ImGuiLayer.cpp">
      <Filter>Bacon\ImGui</Filter>
    </ClCompile>
    <ClCompile Include="src\Bacon\Layer.cpp">
      <Filter>Bacon</Filter>
    </ClCompile>
    <ClCompile Include="src\Bacon\LayerStack.cpp">
      <Filter>Bacon</Filter>
    </ClCompile>
    <ClCompile Include="src\Bacon\Log.cpp">
      <Filter>Bacon</Filter>
    </ClCompile>
    <ClCompile Include="src\Platform\OpenGL\imgui_impl_opengl3.cpp">
      <Filter>Platform\OpenGL</Filter>
    </ClCompile>
    <ClCompile Include="src\Platform\Windows\WindowsInput.cpp">
      <Filter>Platform\Windows</Filter>
    </ClCompile>
    <ClCompile Include="src\Platform\Windows\WindowsWindow.cpp">
      <Filter>Platform\Windows</Filter>
    </ClCompile>
    <ClCompile Include="src\bnpch.cpp" />
  </ItemGroup>
</Project>