<?xml version="1.0" encoding="utf-8"?>
<Project ToolsVersion="4.0" xmlns="http://schemas.microsoft.com/developer/msbuild/2003">
  <ItemGroup>
    <Filter Include="Bacon">
      <UniqueIdentifier>{0836E00C-744A-08BE-3DCC-AB1DA99F04EF}</UniqueIdentifier>
    </Filter>
    <Filter Include="Bacon\Events">
      <UniqueIdentifier>{ECC84BE1-D82B-DB85-81B1-133C6DF3A608}</UniqueIdentifier>
    </Filter>
  </ItemGroup>
  <ItemGroup>
    <ClInclude Include="src\Bacon.h" />
    <ClInclude Include="src\Bacon\Application.h">
      <Filter>Bacon</Filter>
    </ClInclude>
    <ClInclude Include="src\Bacon\Core.h">
      <Filter>Bacon</Filter>
    </ClInclude>
    <ClInclude Include="src\Bacon\EntryPoint.h">
      <Filter>Bacon</Filter>
    </ClInclude>
    <ClInclude Include="src\Bacon\Events\Event.h">
      <Filter>Bacon\Events</Filter>
    </ClInclude>
    <ClInclude Include="src\Bacon\Events\KeyEvent.h">
      <Filter>Bacon\Events</Filter>
    </ClInclude>
    <ClInclude Include="src\Bacon\Events\MouseEvent.h">
      <Filter>Bacon\Events</Filter>
    </ClInclude>
    <ClInclude Include="src\Bacon\Log.h">
      <Filter>Bacon</Filter>
    </ClInclude>
  </ItemGroup>
  <ItemGroup>
    <ClCompile Include="src\Bacon\Application.cpp">
      <Filter>Bacon</Filter>
    </ClCompile>
    <ClCompile Include="src\Bacon\Log.cpp">
      <Filter>Bacon</Filter>
    </ClCompile>
  </ItemGroup>
</Project>